// !$*UTF8*$!
{
	archiveVersion = 1;
	classes = {
	};
	objectVersion = 46;
	objects = {

/* Begin PBXBuildFile section */
		A0EDE3141EDA212300DA532D /* AppDelegate.swift in Sources */ = {isa = PBXBuildFile; fileRef = A0EDE3131EDA212300DA532D /* AppDelegate.swift */; };
		A0EDE3191EDA212300DA532D /* Main.storyboard in Resources */ = {isa = PBXBuildFile; fileRef = A0EDE3171EDA212300DA532D /* Main.storyboard */; };
		A0EDE31B1EDA212300DA532D /* Assets.xcassets in Resources */ = {isa = PBXBuildFile; fileRef = A0EDE31A1EDA212300DA532D /* Assets.xcassets */; };
		A0EDE31E1EDA212300DA532D /* LaunchScreen.storyboard in Resources */ = {isa = PBXBuildFile; fileRef = A0EDE31C1EDA212300DA532D /* LaunchScreen.storyboard */; };
		A0EDE3291EDA212400DA532D /* inAuthTests.swift in Sources */ = {isa = PBXBuildFile; fileRef = A0EDE3281EDA212400DA532D /* inAuthTests.swift */; };
		A0EDE3341EDA212400DA532D /* inAuthUITests.swift in Sources */ = {isa = PBXBuildFile; fileRef = A0EDE3331EDA212400DA532D /* inAuthUITests.swift */; };
		A0EDE3421EDA22AF00DA532D /* HTTPViewController.swift in Sources */ = {isa = PBXBuildFile; fileRef = A0EDE3411EDA22AF00DA532D /* HTTPViewController.swift */; };
		A0EDE3451EDA24A800DA532D /* GPSViewController.swift in Sources */ = {isa = PBXBuildFile; fileRef = A0EDE3441EDA24A800DA532D /* GPSViewController.swift */; };
		A0EDE3471EDA253B00DA532D /* NDKViewController.swift in Sources */ = {isa = PBXBuildFile; fileRef = A0EDE3461EDA253B00DA532D /* NDKViewController.swift */; };
/* End PBXBuildFile section */

/* Begin PBXContainerItemProxy section */
		A0EDE3251EDA212400DA532D /* PBXContainerItemProxy */ = {
			isa = PBXContainerItemProxy;
			containerPortal = A0EDE3081EDA212300DA532D /* Project object */;
			proxyType = 1;
			remoteGlobalIDString = A0EDE30F1EDA212300DA532D;
			remoteInfo = inAuth;
		};
		A0EDE3301EDA212400DA532D /* PBXContainerItemProxy */ = {
			isa = PBXContainerItemProxy;
			containerPortal = A0EDE3081EDA212300DA532D /* Project object */;
			proxyType = 1;
			remoteGlobalIDString = A0EDE30F1EDA212300DA532D;
			remoteInfo = inAuth;
		};
/* End PBXContainerItemProxy section */

/* Begin PBXFileReference section */
		A0EDE3101EDA212300DA532D /* inAuth.app */ = {isa = PBXFileReference; explicitFileType = wrapper.application; includeInIndex = 0; path = inAuth.app; sourceTree = BUILT_PRODUCTS_DIR; };
		A0EDE3131EDA212300DA532D /* AppDelegate.swift */ = {isa = PBXFileReference; lastKnownFileType = sourcecode.swift; path = AppDelegate.swift; sourceTree = "<group>"; };
		A0EDE3181EDA212300DA532D /* Base */ = {isa = PBXFileReference; lastKnownFileType = file.storyboard; name = Base; path = Base.lproj/Main.storyboard; sourceTree = "<group>"; };
		A0EDE31A1EDA212300DA532D /* Assets.xcassets */ = {isa = PBXFileReference; lastKnownFileType = folder.assetcatalog; path = Assets.xcassets; sourceTree = "<group>"; };
		A0EDE31D1EDA212300DA532D /* Base */ = {isa = PBXFileReference; lastKnownFileType = file.storyboard; name = Base; path = Base.lproj/LaunchScreen.storyboard; sourceTree = "<group>"; };
		A0EDE31F1EDA212300DA532D /* Info.plist */ = {isa = PBXFileReference; lastKnownFileType = text.plist.xml; path = Info.plist; sourceTree = "<group>"; };
		A0EDE3241EDA212400DA532D /* inAuthTests.xctest */ = {isa = PBXFileReference; explicitFileType = wrapper.cfbundle; includeInIndex = 0; path = inAuthTests.xctest; sourceTree = BUILT_PRODUCTS_DIR; };
		A0EDE3281EDA212400DA532D /* inAuthTests.swift */ = {isa = PBXFileReference; lastKnownFileType = sourcecode.swift; path = inAuthTests.swift; sourceTree = "<group>"; };
		A0EDE32A1EDA212400DA532D /* Info.plist */ = {isa = PBXFileReference; lastKnownFileType = text.plist.xml; path = Info.plist; sourceTree = "<group>"; };
		A0EDE32F1EDA212400DA532D /* inAuthUITests.xctest */ = {isa = PBXFileReference; explicitFileType = wrapper.cfbundle; includeInIndex = 0; path = inAuthUITests.xctest; sourceTree = BUILT_PRODUCTS_DIR; };
		A0EDE3331EDA212400DA532D /* inAuthUITests.swift */ = {isa = PBXFileReference; lastKnownFileType = sourcecode.swift; path = inAuthUITests.swift; sourceTree = "<group>"; };
		A0EDE3351EDA212400DA532D /* Info.plist */ = {isa = PBXFileReference; lastKnownFileType = text.plist.xml; path = Info.plist; sourceTree = "<group>"; };
		A0EDE3411EDA22AF00DA532D /* HTTPViewController.swift */ = {isa = PBXFileReference; fileEncoding = 4; lastKnownFileType = sourcecode.swift; path = HTTPViewController.swift; sourceTree = "<group>"; };
		A0EDE3441EDA24A800DA532D /* GPSViewController.swift */ = {isa = PBXFileReference; fileEncoding = 4; lastKnownFileType = sourcecode.swift; path = GPSViewController.swift; sourceTree = "<group>"; };
		A0EDE3461EDA253B00DA532D /* NDKViewController.swift */ = {isa = PBXFileReference; fileEncoding = 4; lastKnownFileType = sourcecode.swift; path = NDKViewController.swift; sourceTree = "<group>"; };
/* End PBXFileReference section */

/* Begin PBXFrameworksBuildPhase section */
		A0EDE30D1EDA212300DA532D /* Frameworks */ = {
			isa = PBXFrameworksBuildPhase;
			buildActionMask = 2147483647;
			files = (
			);
			runOnlyForDeploymentPostprocessing = 0;
		};
		A0EDE3211EDA212400DA532D /* Frameworks */ = {
			isa = PBXFrameworksBuildPhase;
			buildActionMask = 2147483647;
			files = (
			);
			runOnlyForDeploymentPostprocessing = 0;
		};
		A0EDE32C1EDA212400DA532D /* Frameworks */ = {
			isa = PBXFrameworksBuildPhase;
			buildActionMask = 2147483647;
			files = (
			);
			runOnlyForDeploymentPostprocessing = 0;
		};
/* End PBXFrameworksBuildPhase section */

/* Begin PBXGroup section */
		A0EDE3071EDA212300DA532D = {
			isa = PBXGroup;
			children = (
				A0EDE3121EDA212300DA532D /* inAuth */,
				A0EDE3271EDA212400DA532D /* inAuthTests */,
				A0EDE3321EDA212400DA532D /* inAuthUITests */,
				A0EDE3111EDA212300DA532D /* Products */,
			);
			sourceTree = "<group>";
		};
		A0EDE3111EDA212300DA532D /* Products */ = {
			isa = PBXGroup;
			children = (
				A0EDE3101EDA212300DA532D /* inAuth.app */,
				A0EDE3241EDA212400DA532D /* inAuthTests.xctest */,
				A0EDE32F1EDA212400DA532D /* inAuthUITests.xctest */,
			);
			name = Products;
			sourceTree = "<group>";
		};
		A0EDE3121EDA212300DA532D /* inAuth */ = {
			isa = PBXGroup;
			children = (
				A0EDE3131EDA212300DA532D /* AppDelegate.swift */,
				A0EDE3431EDA22E700DA532D /* ViewControllers */,
				A0EDE3171EDA212300DA532D /* Main.storyboard */,
				A0EDE31A1EDA212300DA532D /* Assets.xcassets */,
				A0EDE31C1EDA212300DA532D /* LaunchScreen.storyboard */,
				A0EDE31F1EDA212300DA532D /* Info.plist */,
			);
			path = inAuth;
			sourceTree = "<group>";
		};
		A0EDE3271EDA212400DA532D /* inAuthTests */ = {
			isa = PBXGroup;
			children = (
				A0EDE3281EDA212400DA532D /* inAuthTests.swift */,
				A0EDE32A1EDA212400DA532D /* Info.plist */,
			);
			path = inAuthTests;
			sourceTree = "<group>";
		};
		A0EDE3321EDA212400DA532D /* inAuthUITests */ = {
			isa = PBXGroup;
			children = (
				A0EDE3331EDA212400DA532D /* inAuthUITests.swift */,
				A0EDE3351EDA212400DA532D /* Info.plist */,
			);
			path = inAuthUITests;
			sourceTree = "<group>";
		};
		A0EDE3431EDA22E700DA532D /* ViewControllers */ = {
			isa = PBXGroup;
			children = (
				A0EDE3441EDA24A800DA532D /* GPSViewController.swift */,
				A0EDE3461EDA253B00DA532D /* NDKViewController.swift */,
				A0EDE3411EDA22AF00DA532D /* HTTPViewController.swift */,
			);
			name = ViewControllers;
			sourceTree = "<group>";
		};
/* End PBXGroup section */

/* Begin PBXNativeTarget section */
		A0EDE30F1EDA212300DA532D /* inAuth */ = {
			isa = PBXNativeTarget;
			buildConfigurationList = A0EDE3381EDA212400DA532D /* Build configuration list for PBXNativeTarget "inAuth" */;
			buildPhases = (
				A0EDE30C1EDA212300DA532D /* Sources */,
				A0EDE30D1EDA212300DA532D /* Frameworks */,
				A0EDE30E1EDA212300DA532D /* Resources */,
			);
			buildRules = (
			);
			dependencies = (
			);
			name = inAuth;
			productName = inAuth;
			productReference = A0EDE3101EDA212300DA532D /* inAuth.app */;
			productType = "com.apple.product-type.application";
		};
		A0EDE3231EDA212400DA532D /* inAuthTests */ = {
			isa = PBXNativeTarget;
			buildConfigurationList = A0EDE33B1EDA212400DA532D /* Build configuration list for PBXNativeTarget "inAuthTests" */;
			buildPhases = (
				A0EDE3201EDA212400DA532D /* Sources */,
				A0EDE3211EDA212400DA532D /* Frameworks */,
				A0EDE3221EDA212400DA532D /* Resources */,
			);
			buildRules = (
			);
			dependencies = (
				A0EDE3261EDA212400DA532D /* PBXTargetDependency */,
			);
			name = inAuthTests;
			productName = inAuthTests;
			productReference = A0EDE3241EDA212400DA532D /* inAuthTests.xctest */;
			productType = "com.apple.product-type.bundle.unit-test";
		};
		A0EDE32E1EDA212400DA532D /* inAuthUITests */ = {
			isa = PBXNativeTarget;
			buildConfigurationList = A0EDE33E1EDA212400DA532D /* Build configuration list for PBXNativeTarget "inAuthUITests" */;
			buildPhases = (
				A0EDE32B1EDA212400DA532D /* Sources */,
				A0EDE32C1EDA212400DA532D /* Frameworks */,
				A0EDE32D1EDA212400DA532D /* Resources */,
			);
			buildRules = (
			);
			dependencies = (
				A0EDE3311EDA212400DA532D /* PBXTargetDependency */,
			);
			name = inAuthUITests;
			productName = inAuthUITests;
			productReference = A0EDE32F1EDA212400DA532D /* inAuthUITests.xctest */;
			productType = "com.apple.product-type.bundle.ui-testing";
		};
/* End PBXNativeTarget section */

/* Begin PBXProject section */
		A0EDE3081EDA212300DA532D /* Project object */ = {
			isa = PBXProject;
			attributes = {
				LastSwiftUpdateCheck = 0830;
				LastUpgradeCheck = 0830;
				ORGANIZATIONNAME = "Jim Turner";
				TargetAttributes = {
					A0EDE30F1EDA212300DA532D = {
						CreatedOnToolsVersion = 8.3.2;
						DevelopmentTeam = GXMH568254;
						ProvisioningStyle = Automatic;
					};
					A0EDE3231EDA212400DA532D = {
						CreatedOnToolsVersion = 8.3.2;
						ProvisioningStyle = Automatic;
						TestTargetID = A0EDE30F1EDA212300DA532D;
					};
					A0EDE32E1EDA212400DA532D = {
						CreatedOnToolsVersion = 8.3.2;
						ProvisioningStyle = Automatic;
						TestTargetID = A0EDE30F1EDA212300DA532D;
					};
				};
			};
			buildConfigurationList = A0EDE30B1EDA212300DA532D /* Build configuration list for PBXProject "inAuth" */;
			compatibilityVersion = "Xcode 3.2";
			developmentRegion = English;
			hasScannedForEncodings = 0;
			knownRegions = (
				en,
				Base,
			);
			mainGroup = A0EDE3071EDA212300DA532D;
			productRefGroup = A0EDE3111EDA212300DA532D /* Products */;
			projectDirPath = "";
			projectRoot = "";
			targets = (
				A0EDE30F1EDA212300DA532D /* inAuth */,
				A0EDE3231EDA212400DA532D /* inAuthTests */,
				A0EDE32E1EDA212400DA532D /* inAuthUITests */,
			);
		};
/* End PBXProject section */

/* Begin PBXResourcesBuildPhase section */
		A0EDE30E1EDA212300DA532D /* Resources */ = {
			isa = PBXResourcesBuildPhase;
			buildActionMask = 2147483647;
			files = (
				A0EDE31E1EDA212300DA532D /* LaunchScreen.storyboard in Resources */,
				A0EDE31B1EDA212300DA532D /* Assets.xcassets in Resources */,
				A0EDE3191EDA212300DA532D /* Main.storyboard in Resources */,
			);
			runOnlyForDeploymentPostprocessing = 0;
		};
		A0EDE3221EDA212400DA532D /* Resources */ = {
			isa = PBXResourcesBuildPhase;
			buildActionMask = 2147483647;
			files = (
			);
			runOnlyForDeploymentPostprocessing = 0;
		};
		A0EDE32D1EDA212400DA532D /* Resources */ = {
			isa = PBXResourcesBuildPhase;
			buildActionMask = 2147483647;
			files = (
			);
			runOnlyForDeploymentPostprocessing = 0;
		};
/* End PBXResourcesBuildPhase section */

/* Begin PBXSourcesBuildPhase section */
		A0EDE30C1EDA212300DA532D /* Sources */ = {
			isa = PBXSourcesBuildPhase;
			buildActionMask = 2147483647;
			files = (
				A0EDE3471EDA253B00DA532D /* NDKViewController.swift in Sources */,
				A0EDE3141EDA212300DA532D /* AppDelegate.swift in Sources */,
				A0EDE3421EDA22AF00DA532D /* HTTPViewController.swift in Sources */,
				A0EDE3451EDA24A800DA532D /* GPSViewController.swift in Sources */,
			);
			runOnlyForDeploymentPostprocessing = 0;
		};
		A0EDE3201EDA212400DA532D /* Sources */ = {
			isa = PBXSourcesBuildPhase;
			buildActionMask = 2147483647;
			files = (
				A0EDE3291EDA212400DA532D /* inAuthTests.swift in Sources */,
			);
			runOnlyForDeploymentPostprocessing = 0;
		};
		A0EDE32B1EDA212400DA532D /* Sources */ = {
			isa = PBXSourcesBuildPhase;
			buildActionMask = 2147483647;
			files = (
				A0EDE3341EDA212400DA532D /* inAuthUITests.swift in Sources */,
			);
			runOnlyForDeploymentPostprocessing = 0;
		};
/* End PBXSourcesBuildPhase section */

/* Begin PBXTargetDependency section */
		A0EDE3261EDA212400DA532D /* PBXTargetDependency */ = {
			isa = PBXTargetDependency;
			target = A0EDE30F1EDA212300DA532D /* inAuth */;
			targetProxy = A0EDE3251EDA212400DA532D /* PBXContainerItemProxy */;
		};
		A0EDE3311EDA212400DA532D /* PBXTargetDependency */ = {
			isa = PBXTargetDependency;
			target = A0EDE30F1EDA212300DA532D /* inAuth */;
			targetProxy = A0EDE3301EDA212400DA532D /* PBXContainerItemProxy */;
		};
/* End PBXTargetDependency section */

/* Begin PBXVariantGroup section */
		A0EDE3171EDA212300DA532D /* Main.storyboard */ = {
			isa = PBXVariantGroup;
			children = (
				A0EDE3181EDA212300DA532D /* Base */,
			);
			name = Main.storyboard;
			sourceTree = "<group>";
		};
		A0EDE31C1EDA212300DA532D /* LaunchScreen.storyboard */ = {
			isa = PBXVariantGroup;
			children = (
				A0EDE31D1EDA212300DA532D /* Base */,
			);
			name = LaunchScreen.storyboard;
			sourceTree = "<group>";
		};
/* End PBXVariantGroup section */

/* Begin XCBuildConfiguration section */
		A0EDE3361EDA212400DA532D /* Debug */ = {
			isa = XCBuildConfiguration;
			buildSettings = {
				ALWAYS_SEARCH_USER_PATHS = NO;
				CLANG_ANALYZER_NONNULL = YES;
				CLANG_ANALYZER_NUMBER_OBJECT_CONVERSION = YES_AGGRESSIVE;
				CLANG_CXX_LANGUAGE_STANDARD = "gnu++0x";
				CLANG_CXX_LIBRARY = "libc++";
				CLANG_ENABLE_MODULES = YES;
				CLANG_ENABLE_OBJC_ARC = YES;
				CLANG_WARN_BOOL_CONVERSION = YES;
				CLANG_WARN_CONSTANT_CONVERSION = YES;
				CLANG_WARN_DIRECT_OBJC_ISA_USAGE = YES_ERROR;
				CLANG_WARN_DOCUMENTATION_COMMENTS = YES;
				CLANG_WARN_EMPTY_BODY = YES;
				CLANG_WARN_ENUM_CONVERSION = YES;
				CLANG_WARN_INFINITE_RECURSION = YES;
				CLANG_WARN_INT_CONVERSION = YES;
				CLANG_WARN_OBJC_ROOT_CLASS = YES_ERROR;
				CLANG_WARN_SUSPICIOUS_MOVE = YES;
				CLANG_WARN_UNREACHABLE_CODE = YES;
				CLANG_WARN__DUPLICATE_METHOD_MATCH = YES;
				"CODE_SIGN_IDENTITY[sdk=iphoneos*]" = "iPhone Developer";
				COPY_PHASE_STRIP = NO;
				DEBUG_INFORMATION_FORMAT = dwarf;
				ENABLE_STRICT_OBJC_MSGSEND = YES;
				ENABLE_TESTABILITY = YES;
				GCC_C_LANGUAGE_STANDARD = gnu99;
				GCC_DYNAMIC_NO_PIC = NO;
				GCC_NO_COMMON_BLOCKS = YES;
				GCC_OPTIMIZATION_LEVEL = 0;
				GCC_PREPROCESSOR_DEFINITIONS = (
					"DEBUG=1",
					"$(inherited)",
				);
				GCC_WARN_64_TO_32_BIT_CONVERSION = YES;
				GCC_WARN_ABOUT_RETURN_TYPE = YES_ERROR;
				GCC_WARN_UNDECLARED_SELECTOR = YES;
				GCC_WARN_UNINITIALIZED_AUTOS = YES_AGGRESSIVE;
				GCC_WARN_UNUSED_FUNCTION = YES;
				GCC_WARN_UNUSED_VARIABLE = YES;
				IPHONEOS_DEPLOYMENT_TARGET = 10.3;
				MTL_ENABLE_DEBUG_INFO = YES;
				ONLY_ACTIVE_ARCH = YES;
				SDKROOT = iphoneos;
				SWIFT_ACTIVE_COMPILATION_CONDITIONS = DEBUG;
				SWIFT_OPTIMIZATION_LEVEL = "-Onone";
				TARGETED_DEVICE_FAMILY = "1,2";
			};
			name = Debug;
		};
		A0EDE3371EDA212400DA532D /* Release */ = {
			isa = XCBuildConfiguration;
			buildSettings = {
				ALWAYS_SEARCH_USER_PATHS = NO;
				CLANG_ANALYZER_NONNULL = YES;
				CLANG_ANALYZER_NUMBER_OBJECT_CONVERSION = YES_AGGRESSIVE;
				CLANG_CXX_LANGUAGE_STANDARD = "gnu++0x";
				CLANG_CXX_LIBRARY = "libc++";
				CLANG_ENABLE_MODULES = YES;
				CLANG_ENABLE_OBJC_ARC = YES;
				CLANG_WARN_BOOL_CONVERSION = YES;
				CLANG_WARN_CONSTANT_CONVERSION = YES;
				CLANG_WARN_DIRECT_OBJC_ISA_USAGE = YES_ERROR;
				CLANG_WARN_DOCUMENTATION_COMMENTS = YES;
				CLANG_WARN_EMPTY_BODY = YES;
				CLANG_WARN_ENUM_CONVERSION = YES;
				CLANG_WARN_INFINITE_RECURSION = YES;
				CLANG_WARN_INT_CONVERSION = YES;
				CLANG_WARN_OBJC_ROOT_CLASS = YES_ERROR;
				CLANG_WARN_SUSPICIOUS_MOVE = YES;
				CLANG_WARN_UNREACHABLE_CODE = YES;
				CLANG_WARN__DUPLICATE_METHOD_MATCH = YES;
				"CODE_SIGN_IDENTITY[sdk=iphoneos*]" = "iPhone Developer";
				COPY_PHASE_STRIP = NO;
				DEBUG_INFORMATION_FORMAT = "dwarf-with-dsym";
				ENABLE_NS_ASSERTIONS = NO;
				ENABLE_STRICT_OBJC_MSGSEND = YES;
				GCC_C_LANGUAGE_STANDARD = gnu99;
				GCC_NO_COMMON_BLOCKS = YES;
				GCC_WARN_64_TO_32_BIT_CONVERSION = YES;
				GCC_WARN_ABOUT_RETURN_TYPE = YES_ERROR;
				GCC_WARN_UNDECLARED_SELECTOR = YES;
				GCC_WARN_UNINITIALIZED_AUTOS = YES_AGGRESSIVE;
				GCC_WARN_UNUSED_FUNCTION = YES;
				GCC_WARN_UNUSED_VARIABLE = YES;
				IPHONEOS_DEPLOYMENT_TARGET = 10.3;
				MTL_ENABLE_DEBUG_INFO = NO;
				SDKROOT = iphoneos;
				SWIFT_OPTIMIZATION_LEVEL = "-Owholemodule";
				TARGETED_DEVICE_FAMILY = "1,2";
				VALIDATE_PRODUCT = YES;
			};
			name = Release;
		};
		A0EDE3391EDA212400DA532D /* Debug */ = {
			isa = XCBuildConfiguration;
			buildSettings = {
				ASSETCATALOG_COMPILER_APPICON_NAME = AppIcon;
				DEVELOPMENT_TEAM = GXMH568254;
				INFOPLIST_FILE = inAuth/Info.plist;
				IPHONEOS_DEPLOYMENT_TARGET = 9.1;
				LD_RUNPATH_SEARCH_PATHS = "$(inherited) @executable_path/Frameworks";
				PRODUCT_BUNDLE_IDENTIFIER = das.inAuth;
				PRODUCT_NAME = "$(TARGET_NAME)";
				SWIFT_VERSION = 3.0;
			};
			name = Debug;
		};
		A0EDE33A1EDA212400DA532D /* Release */ = {
			isa = XCBuildConfiguration;
			buildSettings = {
				ASSETCATALOG_COMPILER_APPICON_NAME = AppIcon;
				DEVELOPMENT_TEAM = GXMH568254;
				INFOPLIST_FILE = inAuth/Info.plist;
				IPHONEOS_DEPLOYMENT_TARGET = 9.1;
				LD_RUNPATH_SEARCH_PATHS = "$(inherited) @executable_path/Frameworks";
				PRODUCT_BUNDLE_IDENTIFIER = das.inAuth;
				PRODUCT_NAME = "$(TARGET_NAME)";
				SWIFT_VERSION = 3.0;
			};
			name = Release;
		};
		A0EDE33C1EDA212400DA532D /* Debug */ = {
			isa = XCBuildConfiguration;
			buildSettings = {
				ALWAYS_EMBED_SWIFT_STANDARD_LIBRARIES = YES;
				BUNDLE_LOADER = "$(TEST_HOST)";
				INFOPLIST_FILE = inAuthTests/Info.plist;
				LD_RUNPATH_SEARCH_PATHS = "$(inherited) @executable_path/Frameworks @loader_path/Frameworks";
				PRODUCT_BUNDLE_IDENTIFIER = das.inAuthTests;
				PRODUCT_NAME = "$(TARGET_NAME)";
				SWIFT_VERSION = 3.0;
				TEST_HOST = "$(BUILT_PRODUCTS_DIR)/inAuth.app/inAuth";
			};
			name = Debug;
		};
		A0EDE33D1EDA212400DA532D /* Release */ = {
			isa = XCBuildConfiguration;
			buildSettings = {
				ALWAYS_EMBED_SWIFT_STANDARD_LIBRARIES = YES;
				BUNDLE_LOADER = "$(TEST_HOST)";
				INFOPLIST_FILE = inAuthTests/Info.plist;
				LD_RUNPATH_SEARCH_PATHS = "$(inherited) @executable_path/Frameworks @loader_path/Frameworks";
				PRODUCT_BUNDLE_IDENTIFIER = das.inAuthTests;
				PRODUCT_NAME = "$(TARGET_NAME)";
				SWIFT_VERSION = 3.0;
				TEST_HOST = "$(BUILT_PRODUCTS_DIR)/inAuth.app/inAuth";
			};
			name = Release;
		};
		A0EDE33F1EDA212400DA532D /* Debug */ = {
			isa = XCBuildConfiguration;
			buildSettings = {
				ALWAYS_EMBED_SWIFT_STANDARD_LIBRARIES = YES;
				INFOPLIST_FILE = inAuthUITests/Info.plist;
				LD_RUNPATH_SEARCH_PATHS = "$(inherited) @executable_path/Frameworks @loader_path/Frameworks";
				PRODUCT_BUNDLE_IDENTIFIER = das.inAuthUITests;
				PRODUCT_NAME = "$(TARGET_NAME)";
				SWIFT_VERSION = 3.0;
				TEST_TARGET_NAME = inAuth;
			};
			name = Debug;
		};
		A0EDE3401EDA212400DA532D /* Release */ = {
			isa = XCBuildConfiguration;
			buildSettings = {
				ALWAYS_EMBED_SWIFT_STANDARD_LIBRARIES = YES;
				INFOPLIST_FILE = inAuthUITests/Info.plist;
				LD_RUNPATH_SEARCH_PATHS = "$(inherited) @executable_path/Frameworks @loader_path/Frameworks";
				PRODUCT_BUNDLE_IDENTIFIER = das.inAuthUITests;
				PRODUCT_NAME = "$(TARGET_NAME)";
				SWIFT_VERSION = 3.0;
				TEST_TARGET_NAME = inAuth;
			};
			name = Release;
		};
/* End XCBuildConfiguration section */

/* Begin XCConfigurationList section */
		A0EDE30B1EDA212300DA532D /* Build configuration list for PBXProject "inAuth" */ = {
			isa = XCConfigurationList;
			buildConfigurations = (
				A0EDE3361EDA212400DA532D /* Debug */,
				A0EDE3371EDA212400DA532D /* Release */,
			);
			defaultConfigurationIsVisible = 0;
			defaultConfigurationName = Release;
		};
		A0EDE3381EDA212400DA532D /* Build configuration list for PBXNativeTarget "inAuth" */ = {
			isa = XCConfigurationList;
			buildConfigurations = (
				A0EDE3391EDA212400DA532D /* Debug */,
				A0EDE33A1EDA212400DA532D /* Release */,
			);
			defaultConfigurationIsVisible = 0;
			defaultConfigurationName = Release;
		};
		A0EDE33B1EDA212400DA532D /* Build configuration list for PBXNativeTarget "inAuthTests" */ = {
			isa = XCConfigurationList;
			buildConfigurations = (
				A0EDE33C1EDA212400DA532D /* Debug */,
				A0EDE33D1EDA212400DA532D /* Release */,
			);
			defaultConfigurationIsVisible = 0;
			defaultConfigurationName = Release;
		};
		A0EDE33E1EDA212400DA532D /* Build configuration list for PBXNativeTarget "inAuthUITests" */ = {
			isa = XCConfigurationList;
			buildConfigurations = (
				A0EDE33F1EDA212400DA532D /* Debug */,
				A0EDE3401EDA212400DA532D /* Release */,
			);
			defaultConfigurationIsVisible = 0;
			defaultConfigurationName = Release;
		};
/* End XCConfigurationList section */
	};
	rootObject = A0EDE3081EDA212300DA532D /* Project object */;
}
